
Microsoft Visual Studio Solution File, Format Version 12.00
# Visual Studio Version 17
VisualStudioVersion = 17.11.35208.52
MinimumVisualStudioVersion = 10.0.40219.1
Project("{9A19103F-16F7-4668-BE54-9A1E7A4F7556}") = "CouponAPI", "CouponAPI\CouponAPI.csproj", "{09EFA93C-AB23-4497-8FDB-12DA87319D25}"
EndProject
Project("{FAE04EC0-301F-11D3-BF4B-00C04F79EFBC}") = "WebApplication1", "WebApplication1\WebApplication1.csproj", "{7D21E1FB-D234-4CDB-B08A-3831F5D374EC}"
EndProject
Global
	GlobalSection(SolutionConfigurationPlatforms) = preSolution
		Debug|Any CPU = Debug|Any CPU
		Release|Any CPU = Release|Any CPU
	EndGlobalSection
	GlobalSection(ProjectConfigurationPlatforms) = postSolution
		{09EFA93C-AB23-4497-8FDB-12DA87319D25}.Debug|Any CPU.ActiveCfg = Debug|Any CPU
		{09EFA93C-AB23-4497-8FDB-12DA87319D25}.Debug|Any CPU.Build.0 = Debug|Any CPU
		{09EFA93C-AB23-4497-8FDB-12DA87319D25}.Release|Any CPU.ActiveCfg = Release|Any CPU
		{09EFA93C-AB23-4497-8FDB-12DA87319D25}.Release|Any CPU.Build.0 = Release|Any CPU
		{7D21E1FB-D234-4CDB-B08A-3831F5D374EC}.Debug|Any CPU.ActiveCfg = Debug|Any CPU
		{7D21E1FB-D234-4CDB-B08A-3831F5D374EC}.Debug|Any CPU.Build.0 = Debug|Any CPU
		{7D21E1FB-D234-4CDB-B08A-3831F5D374EC}.Release|Any CPU.ActiveCfg = Release|Any CPU
		{7D21E1FB-D234-4CDB-B08A-3831F5D374EC}.Release|Any CPU.Build.0 = Release|Any CPU
	EndGlobalSection
	GlobalSection(SolutionProperties) = preSolution
		HideSolutionNode = FALSE
	EndGlobalSection
	GlobalSection(ExtensibilityGlobals) = postSolution
		SolutionGuid = {B9DC8099-DF39-4EE6-8D5D-B1D0F9A97A95}
	EndGlobalSection
EndGlobal
